<?xml version="1.0" encoding="utf-8"?>
<Project ToolsVersion="4.0" xmlns="http://schemas.microsoft.com/developer/msbuild/2003">
  <ItemGroup>
    <Filter Include="Source Files">
      <UniqueIdentifier>{4FC737F1-C7A5-4376-A066-2A32D752A2FF}</UniqueIdentifier>
      <Extensions>cpp;c;cc;cxx;c++;cppm;ixx;def;odl;idl;hpj;bat;asm;asmx</Extensions>
    </Filter>
    <Filter Include="Header Files">
      <UniqueIdentifier>{93995380-89BD-4b04-88EB-625FBE52EBFB}</UniqueIdentifier>
      <Extensions>h;hh;hpp;hxx;h++;hm;inl;inc;ipp;xsd</Extensions>
    </Filter>
    <Filter Include="Resource Files">
      <UniqueIdentifier>{67DA6AB6-F800-4c08-8B7A-83BB121AAD01}</UniqueIdentifier>
      <Extensions>rc;ico;cur;bmp;dlg;rc2;rct;bin;rgs;gif;jpg;jpeg;jpe;resx;tiff;tif;png;wav;mfcribbon-ms</Extensions>
    </Filter>
  </ItemGroup>
  <ItemGroup>
    <ClInclude Include="interface\INeuron.h">
      <Filter>Header Files</Filter>
    </ClInclude>
    <ClInclude Include="neuron\include\CNeuronBase.h">
      <Filter>Header Files</Filter>
    </ClInclude>
    <ClInclude Include="interface\ILayer.h">
      <Filter>Header Files</Filter>
    </ClInclude>
    <ClInclude Include="interface\IMLModule.h">
      <Filter>Header Files</Filter>
    </ClInclude>
    <ClInclude Include="activationFn\include\CActivationFn.h">
      <Filter>Header Files</Filter>
    </ClInclude>
    <ClInclude Include="module\include\CVModule.h">
      <Filter>Header Files</Filter>
    </ClInclude>
    <ClInclude Include="layer\include\CConv2D.h">
      <Filter>Header Files</Filter>
    </ClInclude>
    <ClInclude Include="layer\include\CLayerBase.h">
      <Filter>Header Files</Filter>
    </ClInclude>
    <ClInclude Include="module\include\CModuleBase.h">
      <Filter>Header Files</Filter>
    </ClInclude>
    <ClInclude Include="helpers\CLogger.h">
      <Filter>Header Files</Filter>
    </ClInclude>
    <ClInclude Include="layer\include\CLayerBase2.h">
      <Filter>Header Files</Filter>
    </ClInclude>
  </ItemGroup>
  <ItemGroup>
    <ClCompile Include="neuron\src\CNeuronBase.cpp">
      <Filter>Source Files</Filter>
    </ClCompile>
    <ClCompile Include="interface\ILayer.cpp">
      <Filter>Source Files</Filter>
    </ClCompile>
    <ClCompile Include="interface\INeuron.cpp">
      <Filter>Source Files</Filter>
    </ClCompile>
    <ClCompile Include="src\Main.cpp">
      <Filter>Source Files</Filter>
    </ClCompile>
    <ClCompile Include="interface\IMLModule.cpp">
      <Filter>Source Files</Filter>
    </ClCompile>
    <ClCompile Include="activationFn\src\CActivationFn.cpp">
      <Filter>Source Files</Filter>
    </ClCompile>
    <ClCompile Include="module\src\CVModule.cpp">
      <Filter>Source Files</Filter>
    </ClCompile>
    <ClCompile Include="layer\src\CConv2D.cpp">
      <Filter>Source Files</Filter>
    </ClCompile>
    <ClCompile Include="layer\src\CLayerBase.cpp">
      <Filter>Source Files</Filter>
    </ClCompile>
    <ClCompile Include="module\src\CModuleBase.cpp">
      <Filter>Source Files</Filter>
    </ClCompile>
    <ClCompile Include="layer\src\CLayerBase2.cpp">
      <Filter>Source Files</Filter>
    </ClCompile>
  </ItemGroup>
</Project>